
Microsoft Visual Studio Solution File, Format Version 12.00
# Visual Studio 2012
Project("{2150E333-8FDC-42A3-9474-1A3956D46DE8}") = "Solution items", "Solution items", "{303FEF60-D761-43DD-870E-22B7B1B86FD4}"
	ProjectSection(SolutionItems) = preProject
		releasenotes.txt = releasenotes.txt
	EndProjectSection
EndProject
Project("{FAE04EC0-301F-11D3-BF4B-00C04F79EFBC}") = "NUnitEx", "NUnitEx\NUnitEx.csproj", "{67048DA9-110A-4D45-A2A8-399D81232AAD}"
EndProject
Project("{FAE04EC0-301F-11D3-BF4B-00C04F79EFBC}") = "NUnitEx.Tests", "NUnitEx.Tests\NUnitEx.Tests.csproj", "{EA49DFB2-0AB2-4524-AA4A-DFCF7321A90A}"
EndProject
Global
	GlobalSection(SolutionConfigurationPlatforms) = preSolution
		Debug|Any CPU = Debug|Any CPU
		Release|Any CPU = Release|Any CPU
	EndGlobalSection
	GlobalSection(ProjectConfigurationPlatforms) = postSolution
		{67048DA9-110A-4D45-A2A8-399D81232AAD}.Debug|Any CPU.ActiveCfg = Debug|Any CPU
		{67048DA9-110A-4D45-A2A8-399D81232AAD}.Debug|Any CPU.Build.0 = Debug|Any CPU
		{67048DA9-110A-4D45-A2A8-399D81232AAD}.Release|Any CPU.ActiveCfg = Release|Any CPU
		{67048DA9-110A-4D45-A2A8-399D81232AAD}.Release|Any CPU.Build.0 = Release|Any CPU
		{EA49DFB2-0AB2-4524-AA4A-DFCF7321A90A}.Debug|Any CPU.ActiveCfg = Debug|Any CPU
		{EA49DFB2-0AB2-4524-AA4A-DFCF7321A90A}.Debug|Any CPU.Build.0 = Debug|Any CPU
		{EA49DFB2-0AB2-4524-AA4A-DFCF7321A90A}.Release|Any CPU.ActiveCfg = Release|Any CPU
		{EA49DFB2-0AB2-4524-AA4A-DFCF7321A90A}.Release|Any CPU.Build.0 = Release|Any CPU
	EndGlobalSection
	GlobalSection(SolutionProperties) = preSolution
		HideSolutionNode = FALSE
	EndGlobalSection
EndGlobal
